
Microsoft Visual Studio Solution File, Format Version 12.00
# Visual Studio Version 17
VisualStudioVersion = 17.7.34221.43
MinimumVisualStudioVersion = 10.0.40219.1
Project("{FAE04EC0-301F-11D3-BF4B-00C04F79EFBC}") = "design-pattern-csharp", "design-pattern-csharp\design-pattern-csharp.csproj", "{DC2CDF40-6E77-4EFA-A54A-464A1B92EA05}"
EndProject
Global
	GlobalSection(SolutionConfigurationPlatforms) = preSolution
		Debug|Any CPU = Debug|Any CPU
		Release|Any CPU = Release|Any CPU
	EndGlobalSection
	GlobalSection(ProjectConfigurationPlatforms) = postSolution
		{DC2CDF40-6E77-4EFA-A54A-464A1B92EA05}.Debug|Any CPU.ActiveCfg = Debug|Any CPU
		{DC2CDF40-6E77-4EFA-A54A-464A1B92EA05}.Debug|Any CPU.Build.0 = Debug|Any CPU
		{DC2CDF40-6E77-4EFA-A54A-464A1B92EA05}.Release|Any CPU.ActiveCfg = Release|Any CPU
		{DC2CDF40-6E77-4EFA-A54A-464A1B92EA05}.Release|Any CPU.Build.0 = Release|Any CPU
	EndGlobalSection
	GlobalSection(SolutionProperties) = preSolution
		HideSolutionNode = FALSE
	EndGlobalSection
	GlobalSection(ExtensibilityGlobals) = postSolution
		SolutionGuid = {152A3742-46B4-41AE-A1DC-121481E3FA59}
	EndGlobalSection
EndGlobal
