
Microsoft Visual Studio Solution File, Format Version 12.00
# Visual Studio Version 17
VisualStudioVersion = 17.7.34221.43
MinimumVisualStudioVersion = 10.0.40219.1
Project("{9A19103F-16F7-4668-BE54-9A1E7A4F7556}") = "design-pattern-csharp", "design-pattern-csharp\design-pattern-csharp.csproj", "{DC2CDF40-6E77-4EFA-A54A-464A1B92EA05}"
EndProject
Project("{2150E333-8FDC-42A3-9474-1A3956D46DE8}") = "Solution Items", "Solution Items", "{39D84C32-5CC4-4969-BD9F-B9964A7CBE01}"
	ProjectSection(SolutionItems) = preProject
		.gitignore = .gitignore
		README.md = README.md
	EndProjectSection
EndProject
Global
	GlobalSection(SolutionConfigurationPlatforms) = preSolution
		Debug|Any CPU = Debug|Any CPU
		Release|Any CPU = Release|Any CPU
	EndGlobalSection
	GlobalSection(ProjectConfigurationPlatforms) = postSolution
		{DC2CDF40-6E77-4EFA-A54A-464A1B92EA05}.Debug|Any CPU.ActiveCfg = Debug|Any CPU
		{DC2CDF40-6E77-4EFA-A54A-464A1B92EA05}.Debug|Any CPU.Build.0 = Debug|Any CPU
		{DC2CDF40-6E77-4EFA-A54A-464A1B92EA05}.Release|Any CPU.ActiveCfg = Release|Any CPU
		{DC2CDF40-6E77-4EFA-A54A-464A1B92EA05}.Release|Any CPU.Build.0 = Release|Any CPU
	EndGlobalSection
	GlobalSection(SolutionProperties) = preSolution
		HideSolutionNode = FALSE
	EndGlobalSection
	GlobalSection(ExtensibilityGlobals) = postSolution
		SolutionGuid = {152A3742-46B4-41AE-A1DC-121481E3FA59}
	EndGlobalSection
EndGlobal
